{
  "nodes": {
    "nixpkgs": {
      "locked": {
        "lastModified": 1766070531,
        "narHash": "sha256-SiUPOx4QGGFocE4li+G1NwwRpsv/XG5AGSSNqy2ir8w=",
        "owner": "rebmit",
        "repo": "nixpkgs",
        "rev": "a980a9731f6c349c7a0ed4cf6be00e61485b789d",
        "type": "github"
      },
      "original": {
        "owner": "rebmit",
        "ref": "nixos-unstable",
        "repo": "nixpkgs",
        "type": "github"
      }
    },
    "root": {
      "inputs": {
        "nixpkgs": "nixpkgs"
      }
    }
  },
  "root": "root",
  "version": 7
}
