{
  "nodes": {
    "nixpkgs": {
      "locked": {
        "lastModified": 1764323138,
        "narHash": "sha256-avfnSIRFQJ0xKMKDKsCRqbxDukkC4qbrsciU2ZNHpvg=",
        "owner": "rebmit",
        "repo": "nixpkgs",
        "rev": "a2a04fa4bb726288f4e6e8853138045f89cc899f",
        "type": "github"
      },
      "original": {
        "owner": "rebmit",
        "ref": "nixos-unstable",
        "repo": "nixpkgs",
        "type": "github"
      }
    },
    "root": {
      "inputs": {
        "nixpkgs": "nixpkgs"
      }
    }
  },
  "root": "root",
  "version": 7
}
