{
  "nodes": {
    "nixpkgs": {
      "locked": {
        "lastModified": 1764606307,
        "narHash": "sha256-zoOCbyrdY38yutfuVlLa26l3MCV4UTVTjo5mmQYBNJI=",
        "owner": "rebmit",
        "repo": "nixpkgs",
        "rev": "54f11dd8d3485377233b4ecbe5f7085863ae92c9",
        "type": "github"
      },
      "original": {
        "owner": "rebmit",
        "ref": "nixos-unstable",
        "repo": "nixpkgs",
        "type": "github"
      }
    },
    "root": {
      "inputs": {
        "nixpkgs": "nixpkgs"
      }
    }
  },
  "root": "root",
  "version": 7
}
